{
  "version": 4,
  "terraform_version": "1.1.5",
  "serial": 406,
  "lineage": "6c7579c3-9e6c-d64d-03c6-e5e006a7e18f",
  "outputs": {
    "app_id": {
      "value": "uni/tn-banking_app/ap-aci_app1_prod",
      "type": "string"
    },
    "contract_dn": {
      "value": [
        "uni/tn-banking_app/brc-contract_app",
        "uni/tn-banking_app/brc-contract_db",
        "uni/tn-banking_app/brc-contract_web"
      ],
      "type": [
        "tuple",
        [
          "string",
          "string",
          "string"
        ]
      ]
    },
    "epg_dn": {
      "value": "uni/tn-banking_app/ap-aci_app1_prod/epg-epg_app",
      "type": "string"
    },
    "epg_dn2": {
      "value": "uni/tn-banking_app/ap-aci_app1_prod/epg-epg_web",
      "type": "string"
    },
    "epg_dn3": {
      "value": "uni/tn-banking_app/ap-aci_app1_prod/epg-epg_db",
      "type": "string"
    },
    "filter_dn": {
      "value": [
        "uni/tn-banking_app/flt-app/e-filter_app",
        "uni/tn-banking_app/flt-https/e-filter_https",
        "uni/tn-banking_app/flt-sql/e-filter_sql"
      ],
      "type": [
        "tuple",
        [
          "string",
          "string",
          "string"
        ]
      ]
    },
    "tenant_id": {
      "value": "uni/tn-banking_app",
      "type": "string"
    },
    "vrf_id": {
      "value": "uni/tn-banking_app/ctx-vrf_prod_1",
      "type": "string"
    }
  },
  "resources": [
    {
      "module": "module.my_app_profile",
      "mode": "managed",
      "type": "aci_application_profile",
      "name": "aci_p01_ap",
      "provider": "provider[\"registry.terraform.io/ciscodevnet/aci\"]",
      "instances": [
        {
          "schema_version": 1,
          "attributes": {
            "annotation": "orchestrator:terraform",
            "description": "from terraform",
            "id": "uni/tn-banking_app/ap-aci_app1_prod",
            "name": "aci_app1_prod",
            "name_alias": "app1",
            "prio": "unspecified",
            "relation_fv_rs_ap_mon_pol": "",
            "tenant_dn": "uni/tn-banking_app"
          },
          "sensitive_attributes": [],
          "private": "eyJzY2hlbWFfdmVyc2lvbiI6IjEifQ==",
          "dependencies": [
            "module.my_tenant.aci_tenant.tenant"
          ]
        }
      ]
    },
    {
      "module": "module.my_bridgedomain_app",
      "mode": "managed",
      "type": "aci_bridge_domain",
      "name": "bd",
      "provider": "provider[\"registry.terraform.io/ciscodevnet/aci\"]",
      "instances": [
        {
          "schema_version": 1,
          "attributes": {
            "annotation": "orchestrator:terraform",
            "arp_flood": "yes",
            "bridge_domain_type": "regular",
            "description": "",
            "ep_clear": "no",
            "ep_move_detect_mode": "disable",
            "host_based_routing": "no",
            "id": "uni/tn-banking_app/BD-pod01_app",
            "intersite_bum_traffic_allow": "no",
            "intersite_l2_stretch": "no",
            "ip_learning": "yes",
            "ipv6_mcast_allow": "no",
            "limit_ip_learn_to_subnets": "yes",
            "ll_addr": "::",
            "mac": "00:22:BD:F8:19:FF",
            "mcast_allow": "no",
            "multi_dst_pkt_act": "bd-flood",
            "name": "pod01_app",
            "name_alias": "",
            "optimize_wan_bandwidth": "no",
            "relation_fv_rs_abd_pol_mon_pol": "",
            "relation_fv_rs_bd_flood_to": null,
            "relation_fv_rs_bd_to_ep_ret": "",
            "relation_fv_rs_bd_to_fhs": "",
            "relation_fv_rs_bd_to_nd_p": "",
            "relation_fv_rs_bd_to_netflow_monitor_pol": [],
            "relation_fv_rs_bd_to_out": null,
            "relation_fv_rs_bd_to_profile": "",
            "relation_fv_rs_bd_to_relay_p": "",
            "relation_fv_rs_ctx": "uni/tn-banking_app/ctx-vrf_prod_1",
            "relation_fv_rs_igmpsn": "",
            "relation_fv_rs_mldsn": "",
            "tenant_dn": "uni/tn-banking_app",
            "unicast_route": "yes",
            "unk_mac_ucast_act": "flood",
            "unk_mcast_act": "flood",
            "v6unk_mcast_act": "flood",
            "vmac": "not-applicable"
          },
          "sensitive_attributes": [],
          "private": "eyJzY2hlbWFfdmVyc2lvbiI6IjEifQ==",
          "dependencies": [
            "module.my_tenant.aci_tenant.tenant",
            "module.my_vrf.aci_vrf.vrf"
          ]
        }
      ]
    },
    {
      "module": "module.my_bridgedomain_app",
      "mode": "managed",
      "type": "aci_subnet",
      "name": "bd_subnet",
      "provider": "provider[\"registry.terraform.io/ciscodevnet/aci\"]",
      "instances": [
        {
          "schema_version": 1,
          "attributes": {
            "annotation": "orchestrator:terraform",
            "ctrl": [
              "nd"
            ],
            "description": "",
            "id": "uni/tn-banking_app/BD-pod01_app/subnet-[5.1.1.1/24]",
            "ip": "5.1.1.1/24",
            "name_alias": "",
            "parent_dn": "uni/tn-banking_app/BD-pod01_app",
            "preferred": "no",
            "relation_fv_rs_bd_subnet_to_out": null,
            "relation_fv_rs_bd_subnet_to_profile": "",
            "relation_fv_rs_nd_pfx_pol": "",
            "scope": [
              "private"
            ],
            "virtual": "no"
          },
          "sensitive_attributes": [],
          "private": "eyJzY2hlbWFfdmVyc2lvbiI6IjEifQ==",
          "dependencies": [
            "module.my_bridgedomain_app.aci_bridge_domain.bd",
            "module.my_tenant.aci_tenant.tenant",
            "module.my_vrf.aci_vrf.vrf"
          ]
        }
      ]
    },
    {
      "module": "module.my_contracts",
      "mode": "managed",
      "type": "aci_contract",
      "name": "terraform_contract",
      "provider": "provider[\"registry.terraform.io/ciscodevnet/aci\"]",
      "instances": [
        {
          "index_key": "contract_app",
          "schema_version": 1,
          "attributes": {
            "annotation": "orchestrator:terraform",
            "description": "Contract created using Terraform",
            "filter": [],
            "filter_entry_ids": null,
            "filter_ids": null,
            "id": "uni/tn-banking_app/brc-contract_app",
            "name": "contract_app",
            "name_alias": "",
            "prio": "unspecified",
            "relation_vz_rs_graph_att": "",
            "scope": "tenant",
            "target_dscp": "unspecified",
            "tenant_dn": "uni/tn-banking_app"
          },
          "sensitive_attributes": [],
          "private": "eyJzY2hlbWFfdmVyc2lvbiI6IjEifQ==",
          "dependencies": [
            "module.my_tenant.aci_tenant.tenant"
          ]
        },
        {
          "index_key": "contract_db",
          "schema_version": 1,
          "attributes": {
            "annotation": "orchestrator:terraform",
            "description": "Contract created using Terraform",
            "filter": [],
            "filter_entry_ids": null,
            "filter_ids": null,
            "id": "uni/tn-banking_app/brc-contract_db",
            "name": "contract_db",
            "name_alias": "",
            "prio": "unspecified",
            "relation_vz_rs_graph_att": "",
            "scope": "tenant",
            "target_dscp": "unspecified",
            "tenant_dn": "uni/tn-banking_app"
          },
          "sensitive_attributes": [],
          "private": "eyJzY2hlbWFfdmVyc2lvbiI6IjEifQ==",
          "dependencies": [
            "module.my_tenant.aci_tenant.tenant"
          ]
        },
        {
          "index_key": "contract_web",
          "schema_version": 1,
          "attributes": {
            "annotation": "orchestrator:terraform",
            "description": "Contract created using Terraform",
            "filter": [],
            "filter_entry_ids": null,
            "filter_ids": null,
            "id": "uni/tn-banking_app/brc-contract_web",
            "name": "contract_web",
            "name_alias": "",
            "prio": "unspecified",
            "relation_vz_rs_graph_att": "",
            "scope": "tenant",
            "target_dscp": "unspecified",
            "tenant_dn": "uni/tn-banking_app"
          },
          "sensitive_attributes": [],
          "private": "eyJzY2hlbWFfdmVyc2lvbiI6IjEifQ==",
          "dependencies": [
            "module.my_tenant.aci_tenant.tenant"
          ]
        }
      ]
    },
    {
      "module": "module.my_contracts",
      "mode": "managed",
      "type": "aci_contract_subject",
      "name": "terraform_contract_subject",
      "provider": "provider[\"registry.terraform.io/ciscodevnet/aci\"]",
      "instances": [
        {
          "index_key": "contract_app",
          "schema_version": 1,
          "attributes": {
            "annotation": "orchestrator:terraform",
            "cons_match_t": "AtleastOne",
            "contract_dn": "uni/tn-banking_app/brc-contract_app",
            "description": "",
            "id": "uni/tn-banking_app/brc-contract_app/subj-app",
            "name": "app",
            "name_alias": "",
            "prio": "unspecified",
            "prov_match_t": "AtleastOne",
            "relation_vz_rs_sdwan_pol": "",
            "relation_vz_rs_subj_filt_att": [
              "uni/tn-banking_app/flt-app/e-filter_app",
              "uni/tn-banking_app/flt-https/e-filter_https",
              "uni/tn-banking_app/flt-sql/e-filter_sql"
            ],
            "relation_vz_rs_subj_graph_att": "",
            "rev_flt_ports": "yes",
            "target_dscp": "unspecified"
          },
          "sensitive_attributes": [],
          "private": "eyJzY2hlbWFfdmVyc2lvbiI6IjEifQ==",
          "dependencies": [
            "module.my_contracts.aci_contract.terraform_contract",
            "module.my_filters.aci_filter_entry.terraform_filter_entry"
          ]
        },
        {
          "index_key": "contract_db",
          "schema_version": 1,
          "attributes": {
            "annotation": "orchestrator:terraform",
            "cons_match_t": "AtleastOne",
            "contract_dn": "uni/tn-banking_app/brc-contract_db",
            "description": "",
            "id": "uni/tn-banking_app/brc-contract_db/subj-sql",
            "name": "sql",
            "name_alias": "",
            "prio": "unspecified",
            "prov_match_t": "AtleastOne",
            "relation_vz_rs_sdwan_pol": "",
            "relation_vz_rs_subj_filt_att": [
              "uni/tn-banking_app/flt-app/e-filter_app",
              "uni/tn-banking_app/flt-https/e-filter_https",
              "uni/tn-banking_app/flt-sql/e-filter_sql"
            ],
            "relation_vz_rs_subj_graph_att": "",
            "rev_flt_ports": "yes",
            "target_dscp": "unspecified"
          },
          "sensitive_attributes": [],
          "private": "eyJzY2hlbWFfdmVyc2lvbiI6IjEifQ==",
          "dependencies": [
            "module.my_contracts.aci_contract.terraform_contract",
            "module.my_filters.aci_filter_entry.terraform_filter_entry"
          ]
        },
        {
          "index_key": "contract_web",
          "schema_version": 1,
          "attributes": {
            "annotation": "orchestrator:terraform",
            "cons_match_t": "AtleastOne",
            "contract_dn": "uni/tn-banking_app/brc-contract_web",
            "description": "",
            "id": "uni/tn-banking_app/brc-contract_web/subj-https",
            "name": "https",
            "name_alias": "",
            "prio": "unspecified",
            "prov_match_t": "AtleastOne",
            "relation_vz_rs_sdwan_pol": "",
            "relation_vz_rs_subj_filt_att": [
              "uni/tn-banking_app/flt-app/e-filter_app",
              "uni/tn-banking_app/flt-https/e-filter_https",
              "uni/tn-banking_app/flt-sql/e-filter_sql"
            ],
            "relation_vz_rs_subj_graph_att": "",
            "rev_flt_ports": "yes",
            "target_dscp": "unspecified"
          },
          "sensitive_attributes": [],
          "private": "eyJzY2hlbWFfdmVyc2lvbiI6IjEifQ==",
          "dependencies": [
            "module.my_contracts.aci_contract.terraform_contract",
            "module.my_filters.aci_filter_entry.terraform_filter_entry"
          ]
        }
      ]
    },
    {
      "module": "module.my_contracts",
      "mode": "managed",
      "type": "aci_epg_to_contract",
      "name": "terraform_epg_to_contract",
      "provider": "provider[\"registry.terraform.io/ciscodevnet/aci\"]",
      "instances": [
        {
          "index_key": "terraform_four",
          "schema_version": 1,
          "attributes": {
            "annotation": "orchestrator:terraform",
            "application_epg_dn": "uni/tn-banking_app/ap-aci_app1_prod/epg-epg_app",
            "contract_dn": "uni/tn-banking_app/brc-contract_app",
            "contract_type": "provider",
            "description": null,
            "id": "uni/tn-banking_app/ap-aci_app1_prod/epg-epg_app/rsprov-contract_app",
            "match_t": "AtleastOne",
            "prio": "unspecified"
          },
          "sensitive_attributes": [],
          "private": "eyJzY2hlbWFfdmVyc2lvbiI6IjEifQ==",
          "dependencies": [
            "module.my_app_profile.aci_application_profile.aci_p01_ap",
            "module.my_bridgedomain_app.aci_bridge_domain.bd",
            "module.my_contracts.aci_contract.terraform_contract",
            "module.my_epg_app.aci_application_epg.application_epg",
            "module.my_epg_db.aci_application_epg.application_epg",
            "module.my_epg_web.aci_application_epg.application_epg",
            "module.my_tenant.aci_tenant.tenant",
            "module.my_vrf.aci_vrf.vrf"
          ]
        },
        {
          "index_key": "terraform_one",
          "schema_version": 1,
          "attributes": {
            "annotation": "orchestrator:terraform",
            "application_epg_dn": "uni/tn-banking_app/ap-aci_app1_prod/epg-epg_web",
            "contract_dn": "uni/tn-banking_app/brc-contract_app",
            "contract_type": "consumer",
            "description": null,
            "id": "uni/tn-banking_app/ap-aci_app1_prod/epg-epg_web/rscons-contract_app",
            "match_t": null,
            "prio": "unspecified"
          },
          "sensitive_attributes": [],
          "private": "eyJzY2hlbWFfdmVyc2lvbiI6IjEifQ==",
          "dependencies": [
            "module.my_app_profile.aci_application_profile.aci_p01_ap",
            "module.my_bridgedomain_app.aci_bridge_domain.bd",
            "module.my_contracts.aci_contract.terraform_contract",
            "module.my_epg_app.aci_application_epg.application_epg",
            "module.my_epg_db.aci_application_epg.application_epg",
            "module.my_epg_web.aci_application_epg.application_epg",
            "module.my_tenant.aci_tenant.tenant",
            "module.my_vrf.aci_vrf.vrf"
          ]
        },
        {
          "index_key": "terraform_three",
          "schema_version": 1,
          "attributes": {
            "annotation": "orchestrator:terraform",
            "application_epg_dn": "uni/tn-banking_app/ap-aci_app1_prod/epg-epg_app",
            "contract_dn": "uni/tn-banking_app/brc-contract_db",
            "contract_type": "consumer",
            "description": null,
            "id": "uni/tn-banking_app/ap-aci_app1_prod/epg-epg_app/rscons-contract_db",
            "match_t": null,
            "prio": "unspecified"
          },
          "sensitive_attributes": [],
          "private": "eyJzY2hlbWFfdmVyc2lvbiI6IjEifQ==",
          "dependencies": [
            "module.my_contracts.aci_contract.terraform_contract",
            "module.my_epg_app.aci_application_epg.application_epg",
            "module.my_epg_db.aci_application_epg.application_epg",
            "module.my_epg_web.aci_application_epg.application_epg"
          ]
        },
        {
          "index_key": "terraform_two",
          "schema_version": 1,
          "attributes": {
            "annotation": "orchestrator:terraform",
            "application_epg_dn": "uni/tn-banking_app/ap-aci_app1_prod/epg-epg_db",
            "contract_dn": "uni/tn-banking_app/brc-contract_db",
            "contract_type": "provider",
            "description": null,
            "id": "uni/tn-banking_app/ap-aci_app1_prod/epg-epg_db/rsprov-contract_db",
            "match_t": "AtleastOne",
            "prio": "unspecified"
          },
          "sensitive_attributes": [],
          "private": "eyJzY2hlbWFfdmVyc2lvbiI6IjEifQ==",
          "dependencies": [
            "module.my_app_profile.aci_application_profile.aci_p01_ap",
            "module.my_bridgedomain_app.aci_bridge_domain.bd",
            "module.my_contracts.aci_contract.terraform_contract",
            "module.my_epg_app.aci_application_epg.application_epg",
            "module.my_epg_db.aci_application_epg.application_epg",
            "module.my_epg_web.aci_application_epg.application_epg",
            "module.my_tenant.aci_tenant.tenant",
            "module.my_vrf.aci_vrf.vrf"
          ]
        }
      ]
    },
    {
      "module": "module.my_epg_app",
      "mode": "managed",
      "type": "aci_application_epg",
      "name": "application_epg",
      "provider": "provider[\"registry.terraform.io/ciscodevnet/aci\"]",
      "instances": [
        {
          "schema_version": 1,
          "attributes": {
            "annotation": "orchestrator:terraform",
            "application_profile_dn": "uni/tn-banking_app/ap-aci_app1_prod",
            "description": "",
            "exception_tag": "",
            "flood_on_encap": "disabled",
            "fwd_ctrl": "none",
            "has_mcast_source": "no",
            "id": "uni/tn-banking_app/ap-aci_app1_prod/epg-epg_app",
            "is_attr_based_epg": "no",
            "match_t": "AtleastOne",
            "name": "epg_app",
            "name_alias": "",
            "pc_enf_pref": "unenforced",
            "pref_gr_memb": "exclude",
            "prio": "unspecified",
            "relation_fv_rs_aepg_mon_pol": "",
            "relation_fv_rs_bd": "uni/tn-banking_app/BD-pod01_app",
            "relation_fv_rs_cons": [],
            "relation_fv_rs_cons_if": null,
            "relation_fv_rs_cust_qos_pol": "",
            "relation_fv_rs_dpp_pol": "",
            "relation_fv_rs_fc_path_att": null,
            "relation_fv_rs_intra_epg": null,
            "relation_fv_rs_node_att": null,
            "relation_fv_rs_path_att": null,
            "relation_fv_rs_prot_by": null,
            "relation_fv_rs_prov": [],
            "relation_fv_rs_prov_def": null,
            "relation_fv_rs_sec_inherited": null,
            "relation_fv_rs_trust_ctrl": "",
            "shutdown": "no"
          },
          "sensitive_attributes": [],
          "private": "eyJzY2hlbWFfdmVyc2lvbiI6IjEifQ==",
          "dependencies": [
            "module.my_app_profile.aci_application_profile.aci_p01_ap",
            "module.my_bridgedomain_app.aci_bridge_domain.bd",
            "module.my_tenant.aci_tenant.tenant",
            "module.my_vrf.aci_vrf.vrf"
          ]
        }
      ]
    },
    {
      "module": "module.my_epg_db",
      "mode": "managed",
      "type": "aci_application_epg",
      "name": "application_epg",
      "provider": "provider[\"registry.terraform.io/ciscodevnet/aci\"]",
      "instances": [
        {
          "schema_version": 1,
          "attributes": {
            "annotation": "orchestrator:terraform",
            "application_profile_dn": "uni/tn-banking_app/ap-aci_app1_prod",
            "description": "",
            "exception_tag": "",
            "flood_on_encap": "disabled",
            "fwd_ctrl": "none",
            "has_mcast_source": "no",
            "id": "uni/tn-banking_app/ap-aci_app1_prod/epg-epg_db",
            "is_attr_based_epg": "no",
            "match_t": "AtleastOne",
            "name": "epg_db",
            "name_alias": "",
            "pc_enf_pref": "unenforced",
            "pref_gr_memb": "exclude",
            "prio": "unspecified",
            "relation_fv_rs_aepg_mon_pol": "",
            "relation_fv_rs_bd": "uni/tn-banking_app/BD-pod01_app",
            "relation_fv_rs_cons": null,
            "relation_fv_rs_cons_if": null,
            "relation_fv_rs_cust_qos_pol": "",
            "relation_fv_rs_dpp_pol": "",
            "relation_fv_rs_fc_path_att": null,
            "relation_fv_rs_intra_epg": null,
            "relation_fv_rs_node_att": null,
            "relation_fv_rs_path_att": null,
            "relation_fv_rs_prot_by": null,
            "relation_fv_rs_prov": [],
            "relation_fv_rs_prov_def": null,
            "relation_fv_rs_sec_inherited": null,
            "relation_fv_rs_trust_ctrl": "",
            "shutdown": "no"
          },
          "sensitive_attributes": [],
          "private": "eyJzY2hlbWFfdmVyc2lvbiI6IjEifQ==",
          "dependencies": [
            "module.my_app_profile.aci_application_profile.aci_p01_ap",
            "module.my_bridgedomain_app.aci_bridge_domain.bd",
            "module.my_tenant.aci_tenant.tenant",
            "module.my_vrf.aci_vrf.vrf"
          ]
        }
      ]
    },
    {
      "module": "module.my_epg_web",
      "mode": "managed",
      "type": "aci_application_epg",
      "name": "application_epg",
      "provider": "provider[\"registry.terraform.io/ciscodevnet/aci\"]",
      "instances": [
        {
          "schema_version": 1,
          "attributes": {
            "annotation": "orchestrator:terraform",
            "application_profile_dn": "uni/tn-banking_app/ap-aci_app1_prod",
            "description": "",
            "exception_tag": "",
            "flood_on_encap": "disabled",
            "fwd_ctrl": "none",
            "has_mcast_source": "no",
            "id": "uni/tn-banking_app/ap-aci_app1_prod/epg-epg_web",
            "is_attr_based_epg": "no",
            "match_t": "AtleastOne",
            "name": "epg_web",
            "name_alias": "",
            "pc_enf_pref": "unenforced",
            "pref_gr_memb": "exclude",
            "prio": "unspecified",
            "relation_fv_rs_aepg_mon_pol": "",
            "relation_fv_rs_bd": "uni/tn-banking_app/BD-pod01_app",
            "relation_fv_rs_cons": [],
            "relation_fv_rs_cons_if": null,
            "relation_fv_rs_cust_qos_pol": "",
            "relation_fv_rs_dpp_pol": "",
            "relation_fv_rs_fc_path_att": null,
            "relation_fv_rs_intra_epg": null,
            "relation_fv_rs_node_att": null,
            "relation_fv_rs_path_att": null,
            "relation_fv_rs_prot_by": null,
            "relation_fv_rs_prov": null,
            "relation_fv_rs_prov_def": null,
            "relation_fv_rs_sec_inherited": null,
            "relation_fv_rs_trust_ctrl": "",
            "shutdown": "no"
          },
          "sensitive_attributes": [],
          "private": "eyJzY2hlbWFfdmVyc2lvbiI6IjEifQ==",
          "dependencies": [
            "module.my_app_profile.aci_application_profile.aci_p01_ap",
            "module.my_bridgedomain_app.aci_bridge_domain.bd",
            "module.my_tenant.aci_tenant.tenant",
            "module.my_vrf.aci_vrf.vrf"
          ]
        }
      ]
    },
    {
      "module": "module.my_filters",
      "mode": "managed",
      "type": "aci_filter",
      "name": "terraform_filter",
      "provider": "provider[\"registry.terraform.io/ciscodevnet/aci\"]",
      "instances": [
        {
          "index_key": "filter_app",
          "schema_version": 1,
          "attributes": {
            "annotation": "orchestrator:terraform",
            "description": "This is filter filter_app created by terraform",
            "id": "uni/tn-banking_app/flt-app",
            "name": "app",
            "name_alias": "",
            "relation_vz_rs_filt_graph_att": "",
            "relation_vz_rs_fwd_r_flt_p_att": "",
            "relation_vz_rs_rev_r_flt_p_att": "",
            "tenant_dn": "uni/tn-banking_app"
          },
          "sensitive_attributes": [],
          "private": "eyJzY2hlbWFfdmVyc2lvbiI6IjEifQ==",
          "dependencies": [
            "module.my_tenant.aci_tenant.tenant"
          ]
        },
        {
          "index_key": "filter_https",
          "schema_version": 1,
          "attributes": {
            "annotation": "orchestrator:terraform",
            "description": "This is filter filter_https created by terraform",
            "id": "uni/tn-banking_app/flt-https",
            "name": "https",
            "name_alias": "",
            "relation_vz_rs_filt_graph_att": "",
            "relation_vz_rs_fwd_r_flt_p_att": "",
            "relation_vz_rs_rev_r_flt_p_att": "",
            "tenant_dn": "uni/tn-banking_app"
          },
          "sensitive_attributes": [],
          "private": "eyJzY2hlbWFfdmVyc2lvbiI6IjEifQ==",
          "dependencies": [
            "module.my_tenant.aci_tenant.tenant"
          ]
        },
        {
          "index_key": "filter_sql",
          "schema_version": 1,
          "attributes": {
            "annotation": "orchestrator:terraform",
            "description": "This is filter filter_sql created by terraform",
            "id": "uni/tn-banking_app/flt-sql",
            "name": "sql",
            "name_alias": "",
            "relation_vz_rs_filt_graph_att": "",
            "relation_vz_rs_fwd_r_flt_p_att": "",
            "relation_vz_rs_rev_r_flt_p_att": "",
            "tenant_dn": "uni/tn-banking_app"
          },
          "sensitive_attributes": [],
          "private": "eyJzY2hlbWFfdmVyc2lvbiI6IjEifQ==",
          "dependencies": [
            "module.my_tenant.aci_tenant.tenant"
          ]
        }
      ]
    },
    {
      "module": "module.my_filters",
      "mode": "managed",
      "type": "aci_filter_entry",
      "name": "terraform_filter_entry",
      "provider": "provider[\"registry.terraform.io/ciscodevnet/aci\"]",
      "instances": [
        {
          "index_key": "filter_app",
          "schema_version": 1,
          "attributes": {
            "annotation": "orchestrator:terraform",
            "apply_to_frag": "no",
            "arp_opc": "unspecified",
            "d_from_port": "8080",
            "d_to_port": "8080",
            "description": "",
            "ether_t": "ipv4",
            "filter_dn": "uni/tn-banking_app/flt-app",
            "icmpv4_t": "unspecified",
            "icmpv6_t": "unspecified",
            "id": "uni/tn-banking_app/flt-app/e-filter_app",
            "match_dscp": "unspecified",
            "name": "filter_app",
            "name_alias": "",
            "prot": "tcp",
            "s_from_port": "unspecified",
            "s_to_port": "unspecified",
            "stateful": "no",
            "tcp_rules": [
              "unspecified"
            ]
          },
          "sensitive_attributes": [],
          "private": "eyJzY2hlbWFfdmVyc2lvbiI6IjEifQ==",
          "dependencies": [
            "module.my_filters.aci_filter.terraform_filter",
            "module.my_tenant.aci_tenant.tenant"
          ]
        },
        {
          "index_key": "filter_https",
          "schema_version": 1,
          "attributes": {
            "annotation": "orchestrator:terraform",
            "apply_to_frag": "no",
            "arp_opc": "unspecified",
            "d_from_port": "443",
            "d_to_port": "443",
            "description": "",
            "ether_t": "ipv4",
            "filter_dn": "uni/tn-banking_app/flt-https",
            "icmpv4_t": "unspecified",
            "icmpv6_t": "unspecified",
            "id": "uni/tn-banking_app/flt-https/e-filter_https",
            "match_dscp": "unspecified",
            "name": "filter_https",
            "name_alias": "",
            "prot": "tcp",
            "s_from_port": "unspecified",
            "s_to_port": "unspecified",
            "stateful": "no",
            "tcp_rules": [
              "unspecified"
            ]
          },
          "sensitive_attributes": [],
          "private": "eyJzY2hlbWFfdmVyc2lvbiI6IjEifQ==",
          "dependencies": [
            "module.my_filters.aci_filter.terraform_filter",
            "module.my_tenant.aci_tenant.tenant"
          ]
        },
        {
          "index_key": "filter_sql",
          "schema_version": 1,
          "attributes": {
            "annotation": "orchestrator:terraform",
            "apply_to_frag": "no",
            "arp_opc": "unspecified",
            "d_from_port": "3306",
            "d_to_port": "3306",
            "description": "",
            "ether_t": "ipv4",
            "filter_dn": "uni/tn-banking_app/flt-sql",
            "icmpv4_t": "unspecified",
            "icmpv6_t": "unspecified",
            "id": "uni/tn-banking_app/flt-sql/e-filter_sql",
            "match_dscp": "unspecified",
            "name": "filter_sql",
            "name_alias": "",
            "prot": "tcp",
            "s_from_port": "unspecified",
            "s_to_port": "unspecified",
            "stateful": "no",
            "tcp_rules": [
              "unspecified"
            ]
          },
          "sensitive_attributes": [],
          "private": "eyJzY2hlbWFfdmVyc2lvbiI6IjEifQ==",
          "dependencies": [
            "module.my_filters.aci_filter.terraform_filter",
            "module.my_tenant.aci_tenant.tenant"
          ]
        }
      ]
    },
    {
      "module": "module.my_tenant",
      "mode": "managed",
      "type": "aci_tenant",
      "name": "tenant",
      "provider": "provider[\"registry.terraform.io/ciscodevnet/aci\"]",
      "instances": [
        {
          "schema_version": 1,
          "attributes": {
            "annotation": "orchestrator:terraform",
            "description": "",
            "id": "uni/tn-banking_app",
            "name": "banking_app",
            "name_alias": "",
            "relation_fv_rs_tenant_mon_pol": "",
            "relation_fv_rs_tn_deny_rule": null
          },
          "sensitive_attributes": [],
          "private": "eyJzY2hlbWFfdmVyc2lvbiI6IjEifQ=="
        }
      ]
    },
    {
      "module": "module.my_vrf",
      "mode": "managed",
      "type": "aci_vrf",
      "name": "vrf",
      "provider": "provider[\"registry.terraform.io/ciscodevnet/aci\"]",
      "instances": [
        {
          "schema_version": 1,
          "attributes": {
            "annotation": "orchestrator:terraform",
            "bd_enforced_enable": "no",
            "description": "",
            "id": "uni/tn-banking_app/ctx-vrf_prod_1",
            "ip_data_plane_learning": "enabled",
            "knw_mcast_act": "permit",
            "name": "vrf_prod_1",
            "name_alias": "",
            "pc_enf_dir": "ingress",
            "pc_enf_pref": "enforced",
            "relation_fv_rs_bgp_ctx_pol": "",
            "relation_fv_rs_ctx_mcast_to": null,
            "relation_fv_rs_ctx_mon_pol": "",
            "relation_fv_rs_ctx_to_bgp_ctx_af_pol": [],
            "relation_fv_rs_ctx_to_eigrp_ctx_af_pol": [],
            "relation_fv_rs_ctx_to_ep_ret": "",
            "relation_fv_rs_ctx_to_ext_route_tag_pol": "",
            "relation_fv_rs_ctx_to_ospf_ctx_pol": [],
            "relation_fv_rs_ospf_ctx_pol": "",
            "relation_fv_rs_vrf_validation_pol": "",
            "tenant_dn": "uni/tn-banking_app"
          },
          "sensitive_attributes": [],
          "private": "eyJzY2hlbWFfdmVyc2lvbiI6IjEifQ==",
          "dependencies": [
            "module.my_tenant.aci_tenant.tenant"
          ]
        }
      ]
    }
  ]
}
